
Microsoft Visual Studio Solution File, Format Version 12.00
# Visual Studio Version 17
VisualStudioVersion = 17.0.31903.59
MinimumVisualStudioVersion = 10.0.40219.1
Project("{2150E333-8FDC-42A3-9474-1A3956D46DE8}") = "src", "src", "{827E0CD3-B72D-47B6-A68D-7590B98EB39B}"
EndProject
Project("{FAE04EC0-301F-11D3-BF4B-00C04F79EFBC}") = "ApiGateway.Api", "src\ApiGateway.Api\ApiGateway.Api.csproj", "{B6F325ED-C013-4AEF-AD6D-5A3EDC7C3B6B}"
EndProject
Project("{FAE04EC0-301F-11D3-BF4B-00C04F79EFBC}") = "ApiGateway.Application", "src\ApiGateway.Application\ApiGateway.Application.csproj", "{ECC88860-B45C-4BFB-B67F-B7656FD94759}"
EndProject
Project("{FAE04EC0-301F-11D3-BF4B-00C04F79EFBC}") = "ApiGateway.Domain", "src\ApiGateway.Domain\ApiGateway.Domain.csproj", "{7BF9D5F9-B397-44F4-A91E-849408121C40}"
EndProject
Project("{FAE04EC0-301F-11D3-BF4B-00C04F79EFBC}") = "ApiGateway.Infrastructure", "src\ApiGateway.Infrastructure\ApiGateway.Infrastructure.csproj", "{5119AA5B-EAFB-4017-84E9-29FE3D1C255B}"
EndProject
Project("{2150E333-8FDC-42A3-9474-1A3956D46DE8}") = "tests", "tests", "{0AB3BF05-4346-4AA6-1389-037BE0695223}"
EndProject
Project("{FAE04EC0-301F-11D3-BF4B-00C04F79EFBC}") = "ApiGateway.IntegrationTests", "tests\ApiGateway.IntegrationTests\ApiGateway.IntegrationTests.csproj", "{4CE133F9-0319-4BC0-B6F3-737CFD93030F}"
EndProject
Project("{FAE04EC0-301F-11D3-BF4B-00C04F79EFBC}") = "ApiGateway.UnitTests", "tests\ApiGateway.UnitTests\ApiGateway.UnitTests.csproj", "{C812DEE9-37DD-4484-B1FA-46711D91A087}"
EndProject
Global
	GlobalSection(SolutionConfigurationPlatforms) = preSolution
		Debug|Any CPU = Debug|Any CPU
		Debug|x64 = Debug|x64
		Debug|x86 = Debug|x86
		Release|Any CPU = Release|Any CPU
		Release|x64 = Release|x64
		Release|x86 = Release|x86
	EndGlobalSection
	GlobalSection(ProjectConfigurationPlatforms) = postSolution
		{B6F325ED-C013-4AEF-AD6D-5A3EDC7C3B6B}.Debug|Any CPU.ActiveCfg = Debug|Any CPU
		{B6F325ED-C013-4AEF-AD6D-5A3EDC7C3B6B}.Debug|Any CPU.Build.0 = Debug|Any CPU
		{B6F325ED-C013-4AEF-AD6D-5A3EDC7C3B6B}.Debug|x64.ActiveCfg = Debug|Any CPU
		{B6F325ED-C013-4AEF-AD6D-5A3EDC7C3B6B}.Debug|x64.Build.0 = Debug|Any CPU
		{B6F325ED-C013-4AEF-AD6D-5A3EDC7C3B6B}.Debug|x86.ActiveCfg = Debug|Any CPU
		{B6F325ED-C013-4AEF-AD6D-5A3EDC7C3B6B}.Debug|x86.Build.0 = Debug|Any CPU
		{B6F325ED-C013-4AEF-AD6D-5A3EDC7C3B6B}.Release|Any CPU.ActiveCfg = Release|Any CPU
		{B6F325ED-C013-4AEF-AD6D-5A3EDC7C3B6B}.Release|Any CPU.Build.0 = Release|Any CPU
		{B6F325ED-C013-4AEF-AD6D-5A3EDC7C3B6B}.Release|x64.ActiveCfg = Release|Any CPU
		{B6F325ED-C013-4AEF-AD6D-5A3EDC7C3B6B}.Release|x64.Build.0 = Release|Any CPU
		{B6F325ED-C013-4AEF-AD6D-5A3EDC7C3B6B}.Release|x86.ActiveCfg = Release|Any CPU
		{B6F325ED-C013-4AEF-AD6D-5A3EDC7C3B6B}.Release|x86.Build.0 = Release|Any CPU
		{ECC88860-B45C-4BFB-B67F-B7656FD94759}.Debug|Any CPU.ActiveCfg = Debug|Any CPU
		{ECC88860-B45C-4BFB-B67F-B7656FD94759}.Debug|Any CPU.Build.0 = Debug|Any CPU
		{ECC88860-B45C-4BFB-B67F-B7656FD94759}.Debug|x64.ActiveCfg = Debug|Any CPU
		{ECC88860-B45C-4BFB-B67F-B7656FD94759}.Debug|x64.Build.0 = Debug|Any CPU
		{ECC88860-B45C-4BFB-B67F-B7656FD94759}.Debug|x86.ActiveCfg = Debug|Any CPU
		{ECC88860-B45C-4BFB-B67F-B7656FD94759}.Debug|x86.Build.0 = Debug|Any CPU
		{ECC88860-B45C-4BFB-B67F-B7656FD94759}.Release|Any CPU.ActiveCfg = Release|Any CPU
		{ECC88860-B45C-4BFB-B67F-B7656FD94759}.Release|Any CPU.Build.0 = Release|Any CPU
		{ECC88860-B45C-4BFB-B67F-B7656FD94759}.Release|x64.ActiveCfg = Release|Any CPU
		{ECC88860-B45C-4BFB-B67F-B7656FD94759}.Release|x64.Build.0 = Release|Any CPU
		{ECC88860-B45C-4BFB-B67F-B7656FD94759}.Release|x86.ActiveCfg = Release|Any CPU
		{ECC88860-B45C-4BFB-B67F-B7656FD94759}.Release|x86.Build.0 = Release|Any CPU
		{7BF9D5F9-B397-44F4-A91E-849408121C40}.Debug|Any CPU.ActiveCfg = Debug|Any CPU
		{7BF9D5F9-B397-44F4-A91E-849408121C40}.Debug|Any CPU.Build.0 = Debug|Any CPU
		{7BF9D5F9-B397-44F4-A91E-849408121C40}.Debug|x64.ActiveCfg = Debug|Any CPU
		{7BF9D5F9-B397-44F4-A91E-849408121C40}.Debug|x64.Build.0 = Debug|Any CPU
		{7BF9D5F9-B397-44F4-A91E-849408121C40}.Debug|x86.ActiveCfg = Debug|Any CPU
		{7BF9D5F9-B397-44F4-A91E-849408121C40}.Debug|x86.Build.0 = Debug|Any CPU
		{7BF9D5F9-B397-44F4-A91E-849408121C40}.Release|Any CPU.ActiveCfg = Release|Any CPU
		{7BF9D5F9-B397-44F4-A91E-849408121C40}.Release|Any CPU.Build.0 = Release|Any CPU
		{7BF9D5F9-B397-44F4-A91E-849408121C40}.Release|x64.ActiveCfg = Release|Any CPU
		{7BF9D5F9-B397-44F4-A91E-849408121C40}.Release|x64.Build.0 = Release|Any CPU
		{7BF9D5F9-B397-44F4-A91E-849408121C40}.Release|x86.ActiveCfg = Release|Any CPU
		{7BF9D5F9-B397-44F4-A91E-849408121C40}.Release|x86.Build.0 = Release|Any CPU
		{5119AA5B-EAFB-4017-84E9-29FE3D1C255B}.Debug|Any CPU.ActiveCfg = Debug|Any CPU
		{5119AA5B-EAFB-4017-84E9-29FE3D1C255B}.Debug|Any CPU.Build.0 = Debug|Any CPU
		{5119AA5B-EAFB-4017-84E9-29FE3D1C255B}.Debug|x64.ActiveCfg = Debug|Any CPU
		{5119AA5B-EAFB-4017-84E9-29FE3D1C255B}.Debug|x64.Build.0 = Debug|Any CPU
		{5119AA5B-EAFB-4017-84E9-29FE3D1C255B}.Debug|x86.ActiveCfg = Debug|Any CPU
		{5119AA5B-EAFB-4017-84E9-29FE3D1C255B}.Debug|x86.Build.0 = Debug|Any CPU
		{5119AA5B-EAFB-4017-84E9-29FE3D1C255B}.Release|Any CPU.ActiveCfg = Release|Any CPU
		{5119AA5B-EAFB-4017-84E9-29FE3D1C255B}.Release|Any CPU.Build.0 = Release|Any CPU
		{5119AA5B-EAFB-4017-84E9-29FE3D1C255B}.Release|x64.ActiveCfg = Release|Any CPU
		{5119AA5B-EAFB-4017-84E9-29FE3D1C255B}.Release|x64.Build.0 = Release|Any CPU
		{5119AA5B-EAFB-4017-84E9-29FE3D1C255B}.Release|x86.ActiveCfg = Release|Any CPU
		{5119AA5B-EAFB-4017-84E9-29FE3D1C255B}.Release|x86.Build.0 = Release|Any CPU
		{4CE133F9-0319-4BC0-B6F3-737CFD93030F}.Debug|Any CPU.ActiveCfg = Debug|Any CPU
		{4CE133F9-0319-4BC0-B6F3-737CFD93030F}.Debug|Any CPU.Build.0 = Debug|Any CPU
		{4CE133F9-0319-4BC0-B6F3-737CFD93030F}.Debug|x64.ActiveCfg = Debug|Any CPU
		{4CE133F9-0319-4BC0-B6F3-737CFD93030F}.Debug|x64.Build.0 = Debug|Any CPU
		{4CE133F9-0319-4BC0-B6F3-737CFD93030F}.Debug|x86.ActiveCfg = Debug|Any CPU
		{4CE133F9-0319-4BC0-B6F3-737CFD93030F}.Debug|x86.Build.0 = Debug|Any CPU
		{4CE133F9-0319-4BC0-B6F3-737CFD93030F}.Release|Any CPU.ActiveCfg = Release|Any CPU
		{4CE133F9-0319-4BC0-B6F3-737CFD93030F}.Release|Any CPU.Build.0 = Release|Any CPU
		{4CE133F9-0319-4BC0-B6F3-737CFD93030F}.Release|x64.ActiveCfg = Release|Any CPU
		{4CE133F9-0319-4BC0-B6F3-737CFD93030F}.Release|x64.Build.0 = Release|Any CPU
		{4CE133F9-0319-4BC0-B6F3-737CFD93030F}.Release|x86.ActiveCfg = Release|Any CPU
		{4CE133F9-0319-4BC0-B6F3-737CFD93030F}.Release|x86.Build.0 = Release|Any CPU
		{C812DEE9-37DD-4484-B1FA-46711D91A087}.Debug|Any CPU.ActiveCfg = Debug|Any CPU
		{C812DEE9-37DD-4484-B1FA-46711D91A087}.Debug|Any CPU.Build.0 = Debug|Any CPU
		{C812DEE9-37DD-4484-B1FA-46711D91A087}.Debug|x64.ActiveCfg = Debug|Any CPU
		{C812DEE9-37DD-4484-B1FA-46711D91A087}.Debug|x64.Build.0 = Debug|Any CPU
		{C812DEE9-37DD-4484-B1FA-46711D91A087}.Debug|x86.ActiveCfg = Debug|Any CPU
		{C812DEE9-37DD-4484-B1FA-46711D91A087}.Debug|x86.Build.0 = Debug|Any CPU
		{C812DEE9-37DD-4484-B1FA-46711D91A087}.Release|Any CPU.ActiveCfg = Release|Any CPU
		{C812DEE9-37DD-4484-B1FA-46711D91A087}.Release|Any CPU.Build.0 = Release|Any CPU
		{C812DEE9-37DD-4484-B1FA-46711D91A087}.Release|x64.ActiveCfg = Release|Any CPU
		{C812DEE9-37DD-4484-B1FA-46711D91A087}.Release|x64.Build.0 = Release|Any CPU
		{C812DEE9-37DD-4484-B1FA-46711D91A087}.Release|x86.ActiveCfg = Release|Any CPU
		{C812DEE9-37DD-4484-B1FA-46711D91A087}.Release|x86.Build.0 = Release|Any CPU
	EndGlobalSection
	GlobalSection(SolutionProperties) = preSolution
		HideSolutionNode = FALSE
	EndGlobalSection
	GlobalSection(NestedProjects) = preSolution
		{B6F325ED-C013-4AEF-AD6D-5A3EDC7C3B6B} = {827E0CD3-B72D-47B6-A68D-7590B98EB39B}
		{ECC88860-B45C-4BFB-B67F-B7656FD94759} = {827E0CD3-B72D-47B6-A68D-7590B98EB39B}
		{7BF9D5F9-B397-44F4-A91E-849408121C40} = {827E0CD3-B72D-47B6-A68D-7590B98EB39B}
		{5119AA5B-EAFB-4017-84E9-29FE3D1C255B} = {827E0CD3-B72D-47B6-A68D-7590B98EB39B}
		{4CE133F9-0319-4BC0-B6F3-737CFD93030F} = {0AB3BF05-4346-4AA6-1389-037BE0695223}
		{C812DEE9-37DD-4484-B1FA-46711D91A087} = {0AB3BF05-4346-4AA6-1389-037BE0695223}
	EndGlobalSection
EndGlobal
